{
  "name": "limonee-community",
  "lockfileVersion": 3,
  "requires": true,
  "packages": {
    "": {
      "name": "limonee-community",
      "version": "1.0.0",
      "license": "ISC",
      "dependencies": {
        "@supabase/supabase-js": "^2.39.1",
        "dotenv": "^16.3.1",
        "express": "^4.18.2"
      }
    },
    "node_modules/@supabase/supabase-js": {
      "version": "2.39.1",
      "resolved": "https://registry.npmjs.org/@supabase/supabase-js/-/supabase-js-2.39.1.tgz",
      "integrity": "sha512-3Mevxx5gP3pKdvz9aZpySyP4cRSz0GBVp6K7pFpmHqLDX5K0soTfTObnE4Ft/Bpb6ppNaGvVt3T4VmOhDLfKHA=="
    },
    "node_modules/dotenv": {
      "version": "16.3.1",
      "resolved": "https://registry.npmjs.org/dotenv/-/dotenv-16.3.1.tgz",
      "integrity": "sha512-WsZOW+HFj9xUEPyOXZYcRdbD7CZQR+pz8NbpHgkIMcvVBFrpg7TxTYiyygGrvRxZaYkE5b+YqxUGB+8ozv7q3w=="
    },
    "node_modules/express": {
      "version": "4.18.2",
      "resolved": "https://registry.npmjs.org/express/-/express-4.18.2.tgz",
      "integrity": "sha512-5/PsLffEuvcKZr8Edf4B2ZfbvA83YVq+nNm5l8zI0CQd1+1VvDN61bl2S1P5DCbhXM0DLq2PBj+dQekg6kNUpQ=="
    }
  }
}
